
Microsoft Visual Studio Solution File, Format Version 12.00
# Visual Studio Version 16
VisualStudioVersion = 16.0.34114.132
MinimumVisualStudioVersion = 10.0.40219.1
Project("{9A19103F-16F7-4668-BE54-9A1E7A4F7556}") = "AutomatedExercise", "Automatedexercise\AutomatedExercise.csproj", "{3993DC9E-9291-4D50-8A66-AE7086C378DF}"
EndProject
Project("{9A19103F-16F7-4668-BE54-9A1E7A4F7556}") = "MailExercise", "MailExercise\MailExercise.csproj", "{4759D173-F950-4A12-9FCD-7F0B4FA01FF5}"
EndProject
Project("{9A19103F-16F7-4668-BE54-9A1E7A4F7556}") = "JasonCRUD Exercise", "JasonCRUD Exercise\JasonCRUD Exercise.csproj", "{6A77028F-9A8D-4330-BE13-3B5C9F060578}"
EndProject
Project("{FAE04EC0-301F-11D3-BF4B-00C04F79EFBC}") = "DataAccessLayer", "DataAccessLayer\DataAccessLayer.csproj", "{C845D4EB-6BDB-4868-B2FF-BB6F2692CA7F}"
EndProject
Global
	GlobalSection(SolutionConfigurationPlatforms) = preSolution
		Debug|Any CPU = Debug|Any CPU
		Release|Any CPU = Release|Any CPU
	EndGlobalSection
	GlobalSection(ProjectConfigurationPlatforms) = postSolution
		{3993DC9E-9291-4D50-8A66-AE7086C378DF}.Debug|Any CPU.ActiveCfg = Debug|Any CPU
		{3993DC9E-9291-4D50-8A66-AE7086C378DF}.Debug|Any CPU.Build.0 = Debug|Any CPU
		{3993DC9E-9291-4D50-8A66-AE7086C378DF}.Release|Any CPU.ActiveCfg = Release|Any CPU
		{3993DC9E-9291-4D50-8A66-AE7086C378DF}.Release|Any CPU.Build.0 = Release|Any CPU
		{4759D173-F950-4A12-9FCD-7F0B4FA01FF5}.Debug|Any CPU.ActiveCfg = Debug|Any CPU
		{4759D173-F950-4A12-9FCD-7F0B4FA01FF5}.Debug|Any CPU.Build.0 = Debug|Any CPU
		{4759D173-F950-4A12-9FCD-7F0B4FA01FF5}.Release|Any CPU.ActiveCfg = Release|Any CPU
		{4759D173-F950-4A12-9FCD-7F0B4FA01FF5}.Release|Any CPU.Build.0 = Release|Any CPU
		{6A77028F-9A8D-4330-BE13-3B5C9F060578}.Debug|Any CPU.ActiveCfg = Debug|Any CPU
		{6A77028F-9A8D-4330-BE13-3B5C9F060578}.Debug|Any CPU.Build.0 = Debug|Any CPU
		{6A77028F-9A8D-4330-BE13-3B5C9F060578}.Release|Any CPU.ActiveCfg = Release|Any CPU
		{6A77028F-9A8D-4330-BE13-3B5C9F060578}.Release|Any CPU.Build.0 = Release|Any CPU
		{C845D4EB-6BDB-4868-B2FF-BB6F2692CA7F}.Debug|Any CPU.ActiveCfg = Debug|Any CPU
		{C845D4EB-6BDB-4868-B2FF-BB6F2692CA7F}.Debug|Any CPU.Build.0 = Debug|Any CPU
		{C845D4EB-6BDB-4868-B2FF-BB6F2692CA7F}.Release|Any CPU.ActiveCfg = Release|Any CPU
		{C845D4EB-6BDB-4868-B2FF-BB6F2692CA7F}.Release|Any CPU.Build.0 = Release|Any CPU
	EndGlobalSection
	GlobalSection(SolutionProperties) = preSolution
		HideSolutionNode = FALSE
	EndGlobalSection
	GlobalSection(ExtensibilityGlobals) = postSolution
		SolutionGuid = {395FE7B1-1EB3-4F1B-90DD-0257783EB5C9}
	EndGlobalSection
EndGlobal
